
Microsoft Visual Studio Solution File, Format Version 12.00
# Visual Studio 2015
Project("{FAE04EC0-301F-11D3-BF4B-00C04F79EFBC}") = "Ghost Toast", "Ghost Toast.csproj", "{FFCB4A9F-3AD0-8B84-C2B8-199ABFD45012}"
EndProject
Project("{FAE04EC0-301F-11D3-BF4B-00C04F79EFBC}") = "Ghost Toast.Editor", "Ghost Toast.Editor.csproj", "{1AA94F73-F807-F1A6-E16C-AF627ECAFB27}"
EndProject
Global
	GlobalSection(SolutionConfigurationPlatforms) = preSolution
		Debug|Any CPU = Debug|Any CPU
		Release|Any CPU = Release|Any CPU
	EndGlobalSection
	GlobalSection(ProjectConfigurationPlatforms) = postSolution
		{FFCB4A9F-3AD0-8B84-C2B8-199ABFD45012}.Debug|Any CPU.ActiveCfg = Debug|Any CPU
		{FFCB4A9F-3AD0-8B84-C2B8-199ABFD45012}.Debug|Any CPU.Build.0 = Debug|Any CPU
		{FFCB4A9F-3AD0-8B84-C2B8-199ABFD45012}.Release|Any CPU.ActiveCfg = Release|Any CPU
		{FFCB4A9F-3AD0-8B84-C2B8-199ABFD45012}.Release|Any CPU.Build.0 = Release|Any CPU
		{1AA94F73-F807-F1A6-E16C-AF627ECAFB27}.Debug|Any CPU.ActiveCfg = Debug|Any CPU
		{1AA94F73-F807-F1A6-E16C-AF627ECAFB27}.Debug|Any CPU.Build.0 = Debug|Any CPU
		{1AA94F73-F807-F1A6-E16C-AF627ECAFB27}.Release|Any CPU.ActiveCfg = Release|Any CPU
		{1AA94F73-F807-F1A6-E16C-AF627ECAFB27}.Release|Any CPU.Build.0 = Release|Any CPU
	EndGlobalSection
	GlobalSection(SolutionProperties) = preSolution
		HideSolutionNode = FALSE
	EndGlobalSection
EndGlobal
